
Microsoft Visual Studio Solution File, Format Version 12.00
# Visual Studio 15
VisualStudioVersion = 15.0.27004.2009
MinimumVisualStudioVersion = 10.0.40219.1
Project("{FAE04EC0-301F-11D3-BF4B-00C04F79EFBC}") = "WebDev_InClass_PetitionForm_FromScratch", "WebDev_InClass_PetitionForm_FromScratch\WebDev_InClass_PetitionForm_FromScratch.csproj", "{B6B81148-0E94-4F21-99F3-9C03076ACC44}"
EndProject
Global
	GlobalSection(SolutionConfigurationPlatforms) = preSolution
		Debug|Any CPU = Debug|Any CPU
		Release|Any CPU = Release|Any CPU
	EndGlobalSection
	GlobalSection(ProjectConfigurationPlatforms) = postSolution
		{B6B81148-0E94-4F21-99F3-9C03076ACC44}.Debug|Any CPU.ActiveCfg = Debug|Any CPU
		{B6B81148-0E94-4F21-99F3-9C03076ACC44}.Debug|Any CPU.Build.0 = Debug|Any CPU
		{B6B81148-0E94-4F21-99F3-9C03076ACC44}.Release|Any CPU.ActiveCfg = Release|Any CPU
		{B6B81148-0E94-4F21-99F3-9C03076ACC44}.Release|Any CPU.Build.0 = Release|Any CPU
	EndGlobalSection
	GlobalSection(SolutionProperties) = preSolution
		HideSolutionNode = FALSE
	EndGlobalSection
	GlobalSection(ExtensibilityGlobals) = postSolution
		SolutionGuid = {1C4CB94A-C4CA-450A-9C6A-04E6930EA9A0}
	EndGlobalSection
EndGlobal
